
Microsoft Visual Studio Solution File, Format Version 12.00
# Visual Studio Version 16
VisualStudioVersion = 16.0.31515.178
MinimumVisualStudioVersion = 10.0.40219.1
Project("{FAE04EC0-301F-11D3-BF4B-00C04F79EFBC}") = "A22 Ex05 Amit 316532548 Yossi 313524795", "A22_Ex05\A22_Ex05.csproj", "{DA641F15-0810-46FC-887F-827C78CE4480}"
EndProject
Global
	GlobalSection(SolutionConfigurationPlatforms) = preSolution
		Debug|Any CPU = Debug|Any CPU
		Release|Any CPU = Release|Any CPU
	EndGlobalSection
	GlobalSection(ProjectConfigurationPlatforms) = postSolution
		{DA641F15-0810-46FC-887F-827C78CE4480}.Debug|Any CPU.ActiveCfg = Debug|Any CPU
		{DA641F15-0810-46FC-887F-827C78CE4480}.Debug|Any CPU.Build.0 = Debug|Any CPU
		{DA641F15-0810-46FC-887F-827C78CE4480}.Release|Any CPU.ActiveCfg = Release|Any CPU
		{DA641F15-0810-46FC-887F-827C78CE4480}.Release|Any CPU.Build.0 = Release|Any CPU
	EndGlobalSection
	GlobalSection(SolutionProperties) = preSolution
		HideSolutionNode = FALSE
	EndGlobalSection
	GlobalSection(ExtensibilityGlobals) = postSolution
		SolutionGuid = {85B256CF-F775-47BE-AEEE-0967145FEADE}
	EndGlobalSection
EndGlobal
